// !$*UTF8*$!
{
	archiveVersion = 1;
	classes = {
	};
	objectVersion = 56;
	objects = {

/* Begin PBXBuildFile section */
		7B95716D29EED53B00876E0D /* ViewCryptoControllerViewModel.swift in Sources */ = {isa = PBXBuildFile; fileRef = 7B95716C29EED53B00876E0D /* ViewCryptoControllerViewModel.swift */; };
		7B95716F29EEF8CE00876E0D /* CoinErrorModel.swift in Sources */ = {isa = PBXBuildFile; fileRef = 7B95716E29EEF8CE00876E0D /* CoinErrorModel.swift */; };
		7BD2AB4729E9D71E0073EBAE /* AppDelegate.swift in Sources */ = {isa = PBXBuildFile; fileRef = 7BD2AB4629E9D71E0073EBAE /* AppDelegate.swift */; };
		7BD2AB4929E9D71E0073EBAE /* SceneDelegate.swift in Sources */ = {isa = PBXBuildFile; fileRef = 7BD2AB4829E9D71E0073EBAE /* SceneDelegate.swift */; };
		7BD2AB4B29E9D71E0073EBAE /* HomeController.swift in Sources */ = {isa = PBXBuildFile; fileRef = 7BD2AB4A29E9D71E0073EBAE /* HomeController.swift */; };
		7BD2AB5029E9D71F0073EBAE /* Assets.xcassets in Resources */ = {isa = PBXBuildFile; fileRef = 7BD2AB4F29E9D71F0073EBAE /* Assets.xcassets */; };
		7BD2AB5329E9D71F0073EBAE /* LaunchScreen.storyboard in Resources */ = {isa = PBXBuildFile; fileRef = 7BD2AB5129E9D71F0073EBAE /* LaunchScreen.storyboard */; };
		7BD2AB6229EADF0C0073EBAE /* Constants.swift in Sources */ = {isa = PBXBuildFile; fileRef = 7BD2AB6129EADF0C0073EBAE /* Constants.swift */; };
		7BD2AB6429EAE0DC0073EBAE /* CoinModel.swift in Sources */ = {isa = PBXBuildFile; fileRef = 7BD2AB6329EAE0DC0073EBAE /* CoinModel.swift */; };
		7BD2AB6629EAE2AF0073EBAE /* CoinCell.swift in Sources */ = {isa = PBXBuildFile; fileRef = 7BD2AB6529EAE2AF0073EBAE /* CoinCell.swift */; };
		7BD2AB6829ED9BB30073EBAE /* CryptoDetailViewController.swift in Sources */ = {isa = PBXBuildFile; fileRef = 7BD2AB6729ED9BB30073EBAE /* CryptoDetailViewController.swift */; };
/* End PBXBuildFile section */

/* Begin PBXFileReference section */
		7B95716C29EED53B00876E0D /* ViewCryptoControllerViewModel.swift */ = {isa = PBXFileReference; lastKnownFileType = sourcecode.swift; path = ViewCryptoControllerViewModel.swift; sourceTree = "<group>"; };
		7B95716E29EEF8CE00876E0D /* CoinErrorModel.swift */ = {isa = PBXFileReference; lastKnownFileType = sourcecode.swift; path = CoinErrorModel.swift; sourceTree = "<group>"; };
		7BD2AB4329E9D71E0073EBAE /* CryptoAPI.app */ = {isa = PBXFileReference; explicitFileType = wrapper.application; includeInIndex = 0; path = CryptoAPI.app; sourceTree = BUILT_PRODUCTS_DIR; };
		7BD2AB4629E9D71E0073EBAE /* AppDelegate.swift */ = {isa = PBXFileReference; lastKnownFileType = sourcecode.swift; path = AppDelegate.swift; sourceTree = "<group>"; };
		7BD2AB4829E9D71E0073EBAE /* SceneDelegate.swift */ = {isa = PBXFileReference; lastKnownFileType = sourcecode.swift; path = SceneDelegate.swift; sourceTree = "<group>"; };
		7BD2AB4A29E9D71E0073EBAE /* HomeController.swift */ = {isa = PBXFileReference; lastKnownFileType = sourcecode.swift; path = HomeController.swift; sourceTree = "<group>"; };
		7BD2AB4F29E9D71F0073EBAE /* Assets.xcassets */ = {isa = PBXFileReference; lastKnownFileType = folder.assetcatalog; path = Assets.xcassets; sourceTree = "<group>"; };
		7BD2AB5229E9D71F0073EBAE /* Base */ = {isa = PBXFileReference; lastKnownFileType = file.storyboard; name = Base; path = Base.lproj/LaunchScreen.storyboard; sourceTree = "<group>"; };
		7BD2AB5429E9D71F0073EBAE /* Info.plist */ = {isa = PBXFileReference; lastKnownFileType = text.plist.xml; path = Info.plist; sourceTree = "<group>"; };
		7BD2AB6129EADF0C0073EBAE /* Constants.swift */ = {isa = PBXFileReference; lastKnownFileType = sourcecode.swift; path = Constants.swift; sourceTree = "<group>"; };
		7BD2AB6329EAE0DC0073EBAE /* CoinModel.swift */ = {isa = PBXFileReference; lastKnownFileType = sourcecode.swift; path = CoinModel.swift; sourceTree = "<group>"; };
		7BD2AB6529EAE2AF0073EBAE /* CoinCell.swift */ = {isa = PBXFileReference; lastKnownFileType = sourcecode.swift; path = CoinCell.swift; sourceTree = "<group>"; };
		7BD2AB6729ED9BB30073EBAE /* CryptoDetailViewController.swift */ = {isa = PBXFileReference; lastKnownFileType = sourcecode.swift; path = CryptoDetailViewController.swift; sourceTree = "<group>"; };
/* End PBXFileReference section */

/* Begin PBXFrameworksBuildPhase section */
		7BD2AB4029E9D71E0073EBAE /* Frameworks */ = {
			isa = PBXFrameworksBuildPhase;
			buildActionMask = 2147483647;
			files = (
			);
			runOnlyForDeploymentPostprocessing = 0;
		};
/* End PBXFrameworksBuildPhase section */

/* Begin PBXGroup section */
		7BD2AB3A29E9D71E0073EBAE = {
			isa = PBXGroup;
			children = (
				7BD2AB4529E9D71E0073EBAE /* CryptoAPI */,
				7BD2AB4429E9D71E0073EBAE /* Products */,
			);
			sourceTree = "<group>";
		};
		7BD2AB4429E9D71E0073EBAE /* Products */ = {
			isa = PBXGroup;
			children = (
				7BD2AB4329E9D71E0073EBAE /* CryptoAPI.app */,
			);
			name = Products;
			sourceTree = "<group>";
		};
		7BD2AB4529E9D71E0073EBAE /* CryptoAPI */ = {
			isa = PBXGroup;
			children = (
				7BD2AB6029EADE670073EBAE /* API */,
				7BD2AB5E29EADE540073EBAE /* Models */,
				7BD2AB5F29EADE590073EBAE /* Views */,
				7BD2AB5D29EADE500073EBAE /* ViewModels */,
				7BD2AB5C29EADE4B0073EBAE /* Controllers */,
				7BD2AB5A29EADE3B0073EBAE /* Supporting */,
				7BD2AB5429E9D71F0073EBAE /* Info.plist */,
			);
			path = CryptoAPI;
			sourceTree = "<group>";
		};
		7BD2AB5A29EADE3B0073EBAE /* Supporting */ = {
			isa = PBXGroup;
			children = (
				7BD2AB4F29E9D71F0073EBAE /* Assets.xcassets */,
				7BD2AB5129E9D71F0073EBAE /* LaunchScreen.storyboard */,
				7BD2AB4629E9D71E0073EBAE /* AppDelegate.swift */,
				7BD2AB4829E9D71E0073EBAE /* SceneDelegate.swift */,
				7BD2AB6129EADF0C0073EBAE /* Constants.swift */,
			);
			path = Supporting;
			sourceTree = "<group>";
		};
		7BD2AB5C29EADE4B0073EBAE /* Controllers */ = {
			isa = PBXGroup;
			children = (
				7BD2AB4A29E9D71E0073EBAE /* HomeController.swift */,
				7BD2AB6729ED9BB30073EBAE /* CryptoDetailViewController.swift */,
			);
			path = Controllers;
			sourceTree = "<group>";
		};
		7BD2AB5D29EADE500073EBAE /* ViewModels */ = {
			isa = PBXGroup;
			children = (
				7B95716C29EED53B00876E0D /* ViewCryptoControllerViewModel.swift */,
			);
			path = ViewModels;
			sourceTree = "<group>";
		};
		7BD2AB5E29EADE540073EBAE /* Models */ = {
			isa = PBXGroup;
			children = (
				7BD2AB6329EAE0DC0073EBAE /* CoinModel.swift */,
				7B95716E29EEF8CE00876E0D /* CoinErrorModel.swift */,
			);
			path = Models;
			sourceTree = "<group>";
		};
		7BD2AB5F29EADE590073EBAE /* Views */ = {
			isa = PBXGroup;
			children = (
				7BD2AB6529EAE2AF0073EBAE /* CoinCell.swift */,
			);
			path = Views;
			sourceTree = "<group>";
		};
		7BD2AB6029EADE670073EBAE /* API */ = {
			isa = PBXGroup;
			children = (
			);
			path = API;
			sourceTree = "<group>";
		};
/* End PBXGroup section */

/* Begin PBXNativeTarget section */
		7BD2AB4229E9D71E0073EBAE /* CryptoAPI */ = {
			isa = PBXNativeTarget;
			buildConfigurationList = 7BD2AB5729E9D71F0073EBAE /* Build configuration list for PBXNativeTarget "CryptoAPI" */;
			buildPhases = (
				7BD2AB3F29E9D71E0073EBAE /* Sources */,
				7BD2AB4029E9D71E0073EBAE /* Frameworks */,
				7BD2AB4129E9D71E0073EBAE /* Resources */,
			);
			buildRules = (
			);
			dependencies = (
			);
			name = CryptoAPI;
			productName = CryptoAPI;
			productReference = 7BD2AB4329E9D71E0073EBAE /* CryptoAPI.app */;
			productType = "com.apple.product-type.application";
		};
/* End PBXNativeTarget section */

/* Begin PBXProject section */
		7BD2AB3B29E9D71E0073EBAE /* Project object */ = {
			isa = PBXProject;
			attributes = {
				BuildIndependentTargetsInParallel = 1;
				LastSwiftUpdateCheck = 1400;
				LastUpgradeCheck = 1400;
				TargetAttributes = {
					7BD2AB4229E9D71E0073EBAE = {
						CreatedOnToolsVersion = 14.0;
					};
				};
			};
			buildConfigurationList = 7BD2AB3E29E9D71E0073EBAE /* Build configuration list for PBXProject "CryptoAPI" */;
			compatibilityVersion = "Xcode 14.0";
			developmentRegion = en;
			hasScannedForEncodings = 0;
			knownRegions = (
				en,
				Base,
			);
			mainGroup = 7BD2AB3A29E9D71E0073EBAE;
			productRefGroup = 7BD2AB4429E9D71E0073EBAE /* Products */;
			projectDirPath = "";
			projectRoot = "";
			targets = (
				7BD2AB4229E9D71E0073EBAE /* CryptoAPI */,
			);
		};
/* End PBXProject section */

/* Begin PBXResourcesBuildPhase section */
		7BD2AB4129E9D71E0073EBAE /* Resources */ = {
			isa = PBXResourcesBuildPhase;
			buildActionMask = 2147483647;
			files = (
				7BD2AB5329E9D71F0073EBAE /* LaunchScreen.storyboard in Resources */,
				7BD2AB5029E9D71F0073EBAE /* Assets.xcassets in Resources */,
			);
			runOnlyForDeploymentPostprocessing = 0;
		};
/* End PBXResourcesBuildPhase section */

/* Begin PBXSourcesBuildPhase section */
		7BD2AB3F29E9D71E0073EBAE /* Sources */ = {
			isa = PBXSourcesBuildPhase;
			buildActionMask = 2147483647;
			files = (
				7BD2AB6429EAE0DC0073EBAE /* CoinModel.swift in Sources */,
				7BD2AB4B29E9D71E0073EBAE /* HomeController.swift in Sources */,
				7B95716D29EED53B00876E0D /* ViewCryptoControllerViewModel.swift in Sources */,
				7BD2AB4729E9D71E0073EBAE /* AppDelegate.swift in Sources */,
				7B95716F29EEF8CE00876E0D /* CoinErrorModel.swift in Sources */,
				7BD2AB6829ED9BB30073EBAE /* CryptoDetailViewController.swift in Sources */,
				7BD2AB4929E9D71E0073EBAE /* SceneDelegate.swift in Sources */,
				7BD2AB6629EAE2AF0073EBAE /* CoinCell.swift in Sources */,
				7BD2AB6229EADF0C0073EBAE /* Constants.swift in Sources */,
			);
			runOnlyForDeploymentPostprocessing = 0;
		};
/* End PBXSourcesBuildPhase section */

/* Begin PBXVariantGroup section */
		7BD2AB5129E9D71F0073EBAE /* LaunchScreen.storyboard */ = {
			isa = PBXVariantGroup;
			children = (
				7BD2AB5229E9D71F0073EBAE /* Base */,
			);
			name = LaunchScreen.storyboard;
			sourceTree = "<group>";
		};
/* End PBXVariantGroup section */

/* Begin XCBuildConfiguration section */
		7BD2AB5529E9D71F0073EBAE /* Debug */ = {
			isa = XCBuildConfiguration;
			buildSettings = {
				ALWAYS_SEARCH_USER_PATHS = NO;
				CLANG_ANALYZER_NONNULL = YES;
				CLANG_ANALYZER_NUMBER_OBJECT_CONVERSION = YES_AGGRESSIVE;
				CLANG_CXX_LANGUAGE_STANDARD = "gnu++20";
				CLANG_ENABLE_MODULES = YES;
				CLANG_ENABLE_OBJC_ARC = YES;
				CLANG_ENABLE_OBJC_WEAK = YES;
				CLANG_WARN_BLOCK_CAPTURE_AUTORELEASING = YES;
				CLANG_WARN_BOOL_CONVERSION = YES;
				CLANG_WARN_COMMA = YES;
				CLANG_WARN_CONSTANT_CONVERSION = YES;
				CLANG_WARN_DEPRECATED_OBJC_IMPLEMENTATIONS = YES;
				CLANG_WARN_DIRECT_OBJC_ISA_USAGE = YES_ERROR;
				CLANG_WARN_DOCUMENTATION_COMMENTS = YES;
				CLANG_WARN_EMPTY_BODY = YES;
				CLANG_WARN_ENUM_CONVERSION = YES;
				CLANG_WARN_INFINITE_RECURSION = YES;
				CLANG_WARN_INT_CONVERSION = YES;
				CLANG_WARN_NON_LITERAL_NULL_CONVERSION = YES;
				CLANG_WARN_OBJC_IMPLICIT_RETAIN_SELF = YES;
				CLANG_WARN_OBJC_LITERAL_CONVERSION = YES;
				CLANG_WARN_OBJC_ROOT_CLASS = YES_ERROR;
				CLANG_WARN_QUOTED_INCLUDE_IN_FRAMEWORK_HEADER = YES;
				CLANG_WARN_RANGE_LOOP_ANALYSIS = YES;
				CLANG_WARN_STRICT_PROTOTYPES = YES;
				CLANG_WARN_SUSPICIOUS_MOVE = YES;
				CLANG_WARN_UNGUARDED_AVAILABILITY = YES_AGGRESSIVE;
				CLANG_WARN_UNREACHABLE_CODE = YES;
				CLANG_WARN__DUPLICATE_METHOD_MATCH = YES;
				COPY_PHASE_STRIP = NO;
				DEBUG_INFORMATION_FORMAT = dwarf;
				ENABLE_STRICT_OBJC_MSGSEND = YES;
				ENABLE_TESTABILITY = YES;
				GCC_C_LANGUAGE_STANDARD = gnu11;
				GCC_DYNAMIC_NO_PIC = NO;
				GCC_NO_COMMON_BLOCKS = YES;
				GCC_OPTIMIZATION_LEVEL = 0;
				GCC_PREPROCESSOR_DEFINITIONS = (
					"DEBUG=1",
					"$(inherited)",
				);
				GCC_WARN_64_TO_32_BIT_CONVERSION = YES;
				GCC_WARN_ABOUT_RETURN_TYPE = YES_ERROR;
				GCC_WARN_UNDECLARED_SELECTOR = YES;
				GCC_WARN_UNINITIALIZED_AUTOS = YES_AGGRESSIVE;
				GCC_WARN_UNUSED_FUNCTION = YES;
				GCC_WARN_UNUSED_VARIABLE = YES;
				IPHONEOS_DEPLOYMENT_TARGET = 16.0;
				MTL_ENABLE_DEBUG_INFO = INCLUDE_SOURCE;
				MTL_FAST_MATH = YES;
				ONLY_ACTIVE_ARCH = YES;
				SDKROOT = iphoneos;
				SWIFT_ACTIVE_COMPILATION_CONDITIONS = DEBUG;
				SWIFT_OPTIMIZATION_LEVEL = "-Onone";
			};
			name = Debug;
		};
		7BD2AB5629E9D71F0073EBAE /* Release */ = {
			isa = XCBuildConfiguration;
			buildSettings = {
				ALWAYS_SEARCH_USER_PATHS = NO;
				CLANG_ANALYZER_NONNULL = YES;
				CLANG_ANALYZER_NUMBER_OBJECT_CONVERSION = YES_AGGRESSIVE;
				CLANG_CXX_LANGUAGE_STANDARD = "gnu++20";
				CLANG_ENABLE_MODULES = YES;
				CLANG_ENABLE_OBJC_ARC = YES;
				CLANG_ENABLE_OBJC_WEAK = YES;
				CLANG_WARN_BLOCK_CAPTURE_AUTORELEASING = YES;
				CLANG_WARN_BOOL_CONVERSION = YES;
				CLANG_WARN_COMMA = YES;
				CLANG_WARN_CONSTANT_CONVERSION = YES;
				CLANG_WARN_DEPRECATED_OBJC_IMPLEMENTATIONS = YES;
				CLANG_WARN_DIRECT_OBJC_ISA_USAGE = YES_ERROR;
				CLANG_WARN_DOCUMENTATION_COMMENTS = YES;
				CLANG_WARN_EMPTY_BODY = YES;
				CLANG_WARN_ENUM_CONVERSION = YES;
				CLANG_WARN_INFINITE_RECURSION = YES;
				CLANG_WARN_INT_CONVERSION = YES;
				CLANG_WARN_NON_LITERAL_NULL_CONVERSION = YES;
				CLANG_WARN_OBJC_IMPLICIT_RETAIN_SELF = YES;
				CLANG_WARN_OBJC_LITERAL_CONVERSION = YES;
				CLANG_WARN_OBJC_ROOT_CLASS = YES_ERROR;
				CLANG_WARN_QUOTED_INCLUDE_IN_FRAMEWORK_HEADER = YES;
				CLANG_WARN_RANGE_LOOP_ANALYSIS = YES;
				CLANG_WARN_STRICT_PROTOTYPES = YES;
				CLANG_WARN_SUSPICIOUS_MOVE = YES;
				CLANG_WARN_UNGUARDED_AVAILABILITY = YES_AGGRESSIVE;
				CLANG_WARN_UNREACHABLE_CODE = YES;
				CLANG_WARN__DUPLICATE_METHOD_MATCH = YES;
				COPY_PHASE_STRIP = NO;
				DEBUG_INFORMATION_FORMAT = "dwarf-with-dsym";
				ENABLE_NS_ASSERTIONS = NO;
				ENABLE_STRICT_OBJC_MSGSEND = YES;
				GCC_C_LANGUAGE_STANDARD = gnu11;
				GCC_NO_COMMON_BLOCKS = YES;
				GCC_WARN_64_TO_32_BIT_CONVERSION = YES;
				GCC_WARN_ABOUT_RETURN_TYPE = YES_ERROR;
				GCC_WARN_UNDECLARED_SELECTOR = YES;
				GCC_WARN_UNINITIALIZED_AUTOS = YES_AGGRESSIVE;
				GCC_WARN_UNUSED_FUNCTION = YES;
				GCC_WARN_UNUSED_VARIABLE = YES;
				IPHONEOS_DEPLOYMENT_TARGET = 16.0;
				MTL_ENABLE_DEBUG_INFO = NO;
				MTL_FAST_MATH = YES;
				SDKROOT = iphoneos;
				SWIFT_COMPILATION_MODE = wholemodule;
				SWIFT_OPTIMIZATION_LEVEL = "-O";
				VALIDATE_PRODUCT = YES;
			};
			name = Release;
		};
		7BD2AB5829E9D71F0073EBAE /* Debug */ = {
			isa = XCBuildConfiguration;
			buildSettings = {
				ASSETCATALOG_COMPILER_APPICON_NAME = AppIcon;
				ASSETCATALOG_COMPILER_GLOBAL_ACCENT_COLOR_NAME = AccentColor;
				CODE_SIGN_STYLE = Automatic;
				CURRENT_PROJECT_VERSION = 1;
				DEVELOPMENT_TEAM = KTK732WRHB;
				GENERATE_INFOPLIST_FILE = YES;
				INFOPLIST_FILE = CryptoAPI/Info.plist;
				INFOPLIST_KEY_UIApplicationSupportsIndirectInputEvents = YES;
				INFOPLIST_KEY_UILaunchStoryboardName = LaunchScreen;
				INFOPLIST_KEY_UISupportedInterfaceOrientations = "UIInterfaceOrientationLandscapeLeft UIInterfaceOrientationLandscapeRight UIInterfaceOrientationPortrait";
				INFOPLIST_KEY_UISupportedInterfaceOrientations_iPad = "UIInterfaceOrientationLandscapeLeft UIInterfaceOrientationLandscapeRight UIInterfaceOrientationPortrait UIInterfaceOrientationPortraitUpsideDown";
				LD_RUNPATH_SEARCH_PATHS = (
					"$(inherited)",
					"@executable_path/Frameworks",
				);
				MARKETING_VERSION = 1.0;
				PRODUCT_BUNDLE_IDENTIFIER = com.allymationes.CryptoAPI;
				PRODUCT_NAME = "$(TARGET_NAME)";
				SWIFT_EMIT_LOC_STRINGS = YES;
				SWIFT_VERSION = 5.0;
				TARGETED_DEVICE_FAMILY = "1,2";
			};
			name = Debug;
		};
		7BD2AB5929E9D71F0073EBAE /* Release */ = {
			isa = XCBuildConfiguration;
			buildSettings = {
				ASSETCATALOG_COMPILER_APPICON_NAME = AppIcon;
				ASSETCATALOG_COMPILER_GLOBAL_ACCENT_COLOR_NAME = AccentColor;
				CODE_SIGN_STYLE = Automatic;
				CURRENT_PROJECT_VERSION = 1;
				DEVELOPMENT_TEAM = KTK732WRHB;
				GENERATE_INFOPLIST_FILE = YES;
				INFOPLIST_FILE = CryptoAPI/Info.plist;
				INFOPLIST_KEY_UIApplicationSupportsIndirectInputEvents = YES;
				INFOPLIST_KEY_UILaunchStoryboardName = LaunchScreen;
				INFOPLIST_KEY_UISupportedInterfaceOrientations = "UIInterfaceOrientationLandscapeLeft UIInterfaceOrientationLandscapeRight UIInterfaceOrientationPortrait";
				INFOPLIST_KEY_UISupportedInterfaceOrientations_iPad = "UIInterfaceOrientationLandscapeLeft UIInterfaceOrientationLandscapeRight UIInterfaceOrientationPortrait UIInterfaceOrientationPortraitUpsideDown";
				LD_RUNPATH_SEARCH_PATHS = (
					"$(inherited)",
					"@executable_path/Frameworks",
				);
				MARKETING_VERSION = 1.0;
				PRODUCT_BUNDLE_IDENTIFIER = com.allymationes.CryptoAPI;
				PRODUCT_NAME = "$(TARGET_NAME)";
				SWIFT_EMIT_LOC_STRINGS = YES;
				SWIFT_VERSION = 5.0;
				TARGETED_DEVICE_FAMILY = "1,2";
			};
			name = Release;
		};
/* End XCBuildConfiguration section */

/* Begin XCConfigurationList section */
		7BD2AB3E29E9D71E0073EBAE /* Build configuration list for PBXProject "CryptoAPI" */ = {
			isa = XCConfigurationList;
			buildConfigurations = (
				7BD2AB5529E9D71F0073EBAE /* Debug */,
				7BD2AB5629E9D71F0073EBAE /* Release */,
			);
			defaultConfigurationIsVisible = 0;
			defaultConfigurationName = Release;
		};
		7BD2AB5729E9D71F0073EBAE /* Build configuration list for PBXNativeTarget "CryptoAPI" */ = {
			isa = XCConfigurationList;
			buildConfigurations = (
				7BD2AB5829E9D71F0073EBAE /* Debug */,
				7BD2AB5929E9D71F0073EBAE /* Release */,
			);
			defaultConfigurationIsVisible = 0;
			defaultConfigurationName = Release;
		};
/* End XCConfigurationList section */
	};
	rootObject = 7BD2AB3B29E9D71E0073EBAE /* Project object */;
}
